
Microsoft Visual Studio Solution File, Format Version 12.00
# Visual Studio Version 17
VisualStudioVersion = 17.0.31903.59
MinimumVisualStudioVersion = 10.0.40219.1
Project("{2150E333-8FDC-42A3-9474-1A3956D46DE8}") = "Aot.Asm", "Aot.Asm", "{C42A0E56-F643-4D59-AB26-F580FAC60E01}"
EndProject
Project("{2150E333-8FDC-42A3-9474-1A3956D46DE8}") = "Analyzer", "Analyzer", "{4E2E1B0F-900C-4DAC-877E-17541E35D5E1}"
EndProject
Project("{2150E333-8FDC-42A3-9474-1A3956D46DE8}") = "src", "src", "{0A3105A2-DDE4-4E30-9900-E72D06CAA6E9}"
EndProject
Project("{FAE04EC0-301F-11D3-BF4B-00C04F79EFBC}") = "Cosmos.Patcher.Analyzer", "src\Cosmos.Patcher.Analyzer\Cosmos.Patcher.Analyzer.csproj", "{CE1D66BE-E731-4A6B-9050-120F537C3706}"
EndProject
Project("{FAE04EC0-301F-11D3-BF4B-00C04F79EFBC}") = "Cosmos.Patcher.Analyzer.CodeFixes", "src\Cosmos.Patcher.Analyzer.CodeFixes\Cosmos.Patcher.Analyzer.CodeFixes.csproj", "{3C44C7AD-1535-45E0-8CDB-4FD6AE68C026}"
EndProject
Project("{FAE04EC0-301F-11D3-BF4B-00C04F79EFBC}") = "Cosmos.Patcher.Analyzer.Package", "src\Cosmos.Patcher.Analyzer.Package\Cosmos.Patcher.Analyzer.Package.csproj", "{96E607F9-EB08-45E2-97FE-4120F194DF0B}"
EndProject
Project("{FAE04EC0-301F-11D3-BF4B-00C04F79EFBC}") = "Cosmos.API", "src\Cosmos.API\Cosmos.API.csproj", "{A63FA839-937C-4D35-A591-96424B25C889}"
EndProject
Project("{FAE04EC0-301F-11D3-BF4B-00C04F79EFBC}") = "Cosmos.Ilc.Build", "src\Cosmos.Ilc.Build\Cosmos.Ilc.Build.csproj", "{82115156-671C-4FDC-831B-2297AB1FAB79}"
EndProject
Project("{FAE04EC0-301F-11D3-BF4B-00C04F79EFBC}") = "Cosmos.Patcher", "src\Cosmos.Patcher\Cosmos.Patcher.csproj", "{D9940E28-9B2E-4570-97C1-F2CE886CC378}"
EndProject
Project("{FAE04EC0-301F-11D3-BF4B-00C04F79EFBC}") = "Cosmos.Asm.Build", "src\Cosmos.Asm.Build\Cosmos.Asm.Build.csproj", "{43929895-D48F-4202-9247-781C886268B5}"
EndProject
Project("{FAE04EC0-301F-11D3-BF4B-00C04F79EFBC}") = "Cosmos.Patcher.Build", "src\Cosmos.Patcher.Build\Cosmos.Patcher.Build.csproj", "{9E96D4C7-2DE7-417F-A623-9B47A061EBB9}"
EndProject
Project("{FAE04EC0-301F-11D3-BF4B-00C04F79EFBC}") = "Cosmos.Asm.Build.Test", "tests\Cosmos.Asm.Build.Test\Cosmos.Asm.Build.Test.csproj", "{72DFE19A-B923-49AB-B1B1-9B6E2351F5A0}"
EndProject
Project("{8BC9CEB8-8B4A-11D0-8D11-00A0C91BC942}") = "Cosmos.NativeLibrary", "tests\Cosmos.NativeLibrary\Cosmos.NativeLibrary.vcxproj", "{8BB57B06-1852-42A6-8C53-C04ADF8B50A1}"
EndProject
Project("{FAE04EC0-301F-11D3-BF4B-00C04F79EFBC}") = "Cosmos.NativeWrapper", "tests\Cosmos.NativeWrapper\Cosmos.NativeWrapper.csproj", "{6BF83419-C6CB-4A0E-BB87-20D433BDD3AE}"
EndProject
Project("{FAE04EC0-301F-11D3-BF4B-00C04F79EFBC}") = "Cosmos.Patcher.Analyzer.Tests", "tests\Cosmos.Patcher.Analyzer.Tests\Cosmos.Patcher.Analyzer.Tests.csproj", "{A0B0B7F7-3986-45EA-A2D2-1885C8DA1AB5}"
EndProject
Project("{FAE04EC0-301F-11D3-BF4B-00C04F79EFBC}") = "Cosmos.Patcher.Tests", "tests\Cosmos.Patcher.Tests\Cosmos.Patcher.Tests.csproj", "{D707F971-E1D1-4F64-885B-87E93B31036E}"
EndProject
Project("{FAE04EC0-301F-11D3-BF4B-00C04F79EFBC}") = "Cosmos.Scanner.Tests", "tests\Cosmos.Scanner.Tests\Cosmos.Scanner.Tests.csproj", "{58F7581C-9281-4804-82A8-C160F658BFBD}"
EndProject
Project("{2150E333-8FDC-42A3-9474-1A3956D46DE8}") = "Build", "Build", "{6A615AE3-1D3E-4AF2-9DF6-D13F211F937E}"
EndProject
Project("{2150E333-8FDC-42A3-9474-1A3956D46DE8}") = "tests", "tests", "{8D6060ED-D188-449A-B819-50485E92D475}"
EndProject
Project("{FAE04EC0-301F-11D3-BF4B-00C04F79EFBC}") = "Cosmos.Common.Build", "src\Cosmos.Common.Build\Cosmos.Common.Build.csproj", "{82DE5BBB-189D-3264-7A5D-C4B08F70D062}"
EndProject
Project("{2150E333-8FDC-42A3-9474-1A3956D46DE8}") = "Assembly", "Assembly", "{F35067C5-7ED8-49D8-9C0A-CD7EA8D7EC5F}"
EndProject
Project("{2150E333-8FDC-42A3-9474-1A3956D46DE8}") = "examples", "examples", "{B36A84DF-456D-A817-6EDD-3EC3E7F6E11F}"
EndProject
Project("{2150E333-8FDC-42A3-9474-1A3956D46DE8}") = "KernelExample", "KernelExample", "{280B0206-A733-3BFB-3537-005445BE4D66}"
EndProject
Project("{FAE04EC0-301F-11D3-BF4B-00C04F79EFBC}") = "Kernel", "examples\KernelExample\Kernel.csproj", "{28008C31-501A-8187-427A-683A2593ABAD}"
EndProject
Project("{2150E333-8FDC-42A3-9474-1A3956D46DE8}") = "Cosmos", "Cosmos", "{FAAE0A77-D297-48D2-A0F5-C847D34E0D54}"
EndProject
Project("{FAE04EC0-301F-11D3-BF4B-00C04F79EFBC}") = "Cosmos.Core.RAT", "src\Cosmos\Cosmos.Core.RAT\Cosmos.Core.RAT.csproj", "{98074009-515B-4C6D-93CE-E6A989C510E6}"
EndProject
Project("{FAE04EC0-301F-11D3-BF4B-00C04F79EFBC}") = "Cosmos.Core.Limine", "Cosmos.Core.Limine\Cosmos.Core.Limine.csproj", "{32EC2530-7621-4D9D-9DC4-06653CFC8A4A}"
EndProject
Project("{FAE04EC0-301F-11D3-BF4B-00C04F79EFBC}") = "Cosmos.Common", "src\Cosmos\Cosmos.Common\Cosmos.Common.csproj", "{86DB8923-425D-405C-9A25-AF3081AAA048}"
EndProject
Project("{FAE04EC0-301F-11D3-BF4B-00C04F79EFBC}") = "Cosmos.Console", "src\Cosmos\Cosmos.Console\Cosmos.Console.csproj", "{AA45DE12-D819-4855-A039-6D5DB146D425}"
EndProject
Global
	GlobalSection(SolutionConfigurationPlatforms) = preSolution
		Debug|Any CPU = Debug|Any CPU
		Debug|x64 = Debug|x64
		Debug|x86 = Debug|x86
		Release|Any CPU = Release|Any CPU
		Release|x64 = Release|x64
		Release|x86 = Release|x86
	EndGlobalSection
	GlobalSection(ProjectConfigurationPlatforms) = postSolution
		{CE1D66BE-E731-4A6B-9050-120F537C3706}.Debug|Any CPU.ActiveCfg = Debug|Any CPU
		{CE1D66BE-E731-4A6B-9050-120F537C3706}.Debug|Any CPU.Build.0 = Debug|Any CPU
		{CE1D66BE-E731-4A6B-9050-120F537C3706}.Debug|x64.ActiveCfg = Debug|Any CPU
		{CE1D66BE-E731-4A6B-9050-120F537C3706}.Debug|x64.Build.0 = Debug|Any CPU
		{CE1D66BE-E731-4A6B-9050-120F537C3706}.Debug|x86.ActiveCfg = Debug|Any CPU
		{CE1D66BE-E731-4A6B-9050-120F537C3706}.Debug|x86.Build.0 = Debug|Any CPU
		{CE1D66BE-E731-4A6B-9050-120F537C3706}.Release|Any CPU.ActiveCfg = Release|Any CPU
		{CE1D66BE-E731-4A6B-9050-120F537C3706}.Release|Any CPU.Build.0 = Release|Any CPU
		{CE1D66BE-E731-4A6B-9050-120F537C3706}.Release|x64.ActiveCfg = Release|Any CPU
		{CE1D66BE-E731-4A6B-9050-120F537C3706}.Release|x64.Build.0 = Release|Any CPU
		{CE1D66BE-E731-4A6B-9050-120F537C3706}.Release|x86.ActiveCfg = Release|Any CPU
		{CE1D66BE-E731-4A6B-9050-120F537C3706}.Release|x86.Build.0 = Release|Any CPU
		{3C44C7AD-1535-45E0-8CDB-4FD6AE68C026}.Debug|Any CPU.ActiveCfg = Debug|Any CPU
		{3C44C7AD-1535-45E0-8CDB-4FD6AE68C026}.Debug|Any CPU.Build.0 = Debug|Any CPU
		{3C44C7AD-1535-45E0-8CDB-4FD6AE68C026}.Debug|x64.ActiveCfg = Debug|Any CPU
		{3C44C7AD-1535-45E0-8CDB-4FD6AE68C026}.Debug|x64.Build.0 = Debug|Any CPU
		{3C44C7AD-1535-45E0-8CDB-4FD6AE68C026}.Debug|x86.ActiveCfg = Debug|Any CPU
		{3C44C7AD-1535-45E0-8CDB-4FD6AE68C026}.Debug|x86.Build.0 = Debug|Any CPU
		{3C44C7AD-1535-45E0-8CDB-4FD6AE68C026}.Release|Any CPU.ActiveCfg = Release|Any CPU
		{3C44C7AD-1535-45E0-8CDB-4FD6AE68C026}.Release|Any CPU.Build.0 = Release|Any CPU
		{3C44C7AD-1535-45E0-8CDB-4FD6AE68C026}.Release|x64.ActiveCfg = Release|Any CPU
		{3C44C7AD-1535-45E0-8CDB-4FD6AE68C026}.Release|x64.Build.0 = Release|Any CPU
		{3C44C7AD-1535-45E0-8CDB-4FD6AE68C026}.Release|x86.ActiveCfg = Release|Any CPU
		{3C44C7AD-1535-45E0-8CDB-4FD6AE68C026}.Release|x86.Build.0 = Release|Any CPU
		{96E607F9-EB08-45E2-97FE-4120F194DF0B}.Debug|Any CPU.ActiveCfg = Debug|Any CPU
		{96E607F9-EB08-45E2-97FE-4120F194DF0B}.Debug|Any CPU.Build.0 = Debug|Any CPU
		{96E607F9-EB08-45E2-97FE-4120F194DF0B}.Debug|x64.ActiveCfg = Debug|Any CPU
		{96E607F9-EB08-45E2-97FE-4120F194DF0B}.Debug|x64.Build.0 = Debug|Any CPU
		{96E607F9-EB08-45E2-97FE-4120F194DF0B}.Debug|x86.ActiveCfg = Debug|Any CPU
		{96E607F9-EB08-45E2-97FE-4120F194DF0B}.Debug|x86.Build.0 = Debug|Any CPU
		{96E607F9-EB08-45E2-97FE-4120F194DF0B}.Release|Any CPU.ActiveCfg = Release|Any CPU
		{96E607F9-EB08-45E2-97FE-4120F194DF0B}.Release|Any CPU.Build.0 = Release|Any CPU
		{96E607F9-EB08-45E2-97FE-4120F194DF0B}.Release|x64.ActiveCfg = Release|Any CPU
		{96E607F9-EB08-45E2-97FE-4120F194DF0B}.Release|x64.Build.0 = Release|Any CPU
		{96E607F9-EB08-45E2-97FE-4120F194DF0B}.Release|x86.ActiveCfg = Release|Any CPU
		{96E607F9-EB08-45E2-97FE-4120F194DF0B}.Release|x86.Build.0 = Release|Any CPU
		{A63FA839-937C-4D35-A591-96424B25C889}.Debug|Any CPU.ActiveCfg = Debug|Any CPU
		{A63FA839-937C-4D35-A591-96424B25C889}.Debug|Any CPU.Build.0 = Debug|Any CPU
		{A63FA839-937C-4D35-A591-96424B25C889}.Debug|x64.ActiveCfg = Debug|Any CPU
		{A63FA839-937C-4D35-A591-96424B25C889}.Debug|x64.Build.0 = Debug|Any CPU
		{A63FA839-937C-4D35-A591-96424B25C889}.Debug|x86.ActiveCfg = Debug|Any CPU
		{A63FA839-937C-4D35-A591-96424B25C889}.Debug|x86.Build.0 = Debug|Any CPU
		{A63FA839-937C-4D35-A591-96424B25C889}.Release|Any CPU.ActiveCfg = Release|Any CPU
		{A63FA839-937C-4D35-A591-96424B25C889}.Release|Any CPU.Build.0 = Release|Any CPU
		{A63FA839-937C-4D35-A591-96424B25C889}.Release|x64.ActiveCfg = Release|Any CPU
		{A63FA839-937C-4D35-A591-96424B25C889}.Release|x64.Build.0 = Release|Any CPU
		{A63FA839-937C-4D35-A591-96424B25C889}.Release|x86.ActiveCfg = Release|Any CPU
		{A63FA839-937C-4D35-A591-96424B25C889}.Release|x86.Build.0 = Release|Any CPU
		{82115156-671C-4FDC-831B-2297AB1FAB79}.Debug|Any CPU.ActiveCfg = Debug|Any CPU
		{82115156-671C-4FDC-831B-2297AB1FAB79}.Debug|Any CPU.Build.0 = Debug|Any CPU
		{82115156-671C-4FDC-831B-2297AB1FAB79}.Debug|x64.ActiveCfg = Debug|Any CPU
		{82115156-671C-4FDC-831B-2297AB1FAB79}.Debug|x64.Build.0 = Debug|Any CPU
		{82115156-671C-4FDC-831B-2297AB1FAB79}.Debug|x86.ActiveCfg = Debug|Any CPU
		{82115156-671C-4FDC-831B-2297AB1FAB79}.Debug|x86.Build.0 = Debug|Any CPU
		{82115156-671C-4FDC-831B-2297AB1FAB79}.Release|Any CPU.ActiveCfg = Release|Any CPU
		{82115156-671C-4FDC-831B-2297AB1FAB79}.Release|Any CPU.Build.0 = Release|Any CPU
		{82115156-671C-4FDC-831B-2297AB1FAB79}.Release|x64.ActiveCfg = Release|Any CPU
		{82115156-671C-4FDC-831B-2297AB1FAB79}.Release|x64.Build.0 = Release|Any CPU
		{82115156-671C-4FDC-831B-2297AB1FAB79}.Release|x86.ActiveCfg = Release|Any CPU
		{82115156-671C-4FDC-831B-2297AB1FAB79}.Release|x86.Build.0 = Release|Any CPU
		{D9940E28-9B2E-4570-97C1-F2CE886CC378}.Debug|Any CPU.ActiveCfg = Debug|Any CPU
		{D9940E28-9B2E-4570-97C1-F2CE886CC378}.Debug|Any CPU.Build.0 = Debug|Any CPU
		{D9940E28-9B2E-4570-97C1-F2CE886CC378}.Debug|x64.ActiveCfg = Debug|Any CPU
		{D9940E28-9B2E-4570-97C1-F2CE886CC378}.Debug|x64.Build.0 = Debug|Any CPU
		{D9940E28-9B2E-4570-97C1-F2CE886CC378}.Debug|x86.ActiveCfg = Debug|Any CPU
		{D9940E28-9B2E-4570-97C1-F2CE886CC378}.Debug|x86.Build.0 = Debug|Any CPU
		{D9940E28-9B2E-4570-97C1-F2CE886CC378}.Release|Any CPU.ActiveCfg = Release|Any CPU
		{D9940E28-9B2E-4570-97C1-F2CE886CC378}.Release|Any CPU.Build.0 = Release|Any CPU
		{D9940E28-9B2E-4570-97C1-F2CE886CC378}.Release|x64.ActiveCfg = Release|Any CPU
		{D9940E28-9B2E-4570-97C1-F2CE886CC378}.Release|x64.Build.0 = Release|Any CPU
		{D9940E28-9B2E-4570-97C1-F2CE886CC378}.Release|x86.ActiveCfg = Release|Any CPU
		{D9940E28-9B2E-4570-97C1-F2CE886CC378}.Release|x86.Build.0 = Release|Any CPU
		{43929895-D48F-4202-9247-781C886268B5}.Debug|Any CPU.ActiveCfg = Debug|Any CPU
		{43929895-D48F-4202-9247-781C886268B5}.Debug|Any CPU.Build.0 = Debug|Any CPU
		{43929895-D48F-4202-9247-781C886268B5}.Debug|x64.ActiveCfg = Debug|Any CPU
		{43929895-D48F-4202-9247-781C886268B5}.Debug|x64.Build.0 = Debug|Any CPU
		{43929895-D48F-4202-9247-781C886268B5}.Debug|x86.ActiveCfg = Debug|Any CPU
		{43929895-D48F-4202-9247-781C886268B5}.Debug|x86.Build.0 = Debug|Any CPU
		{43929895-D48F-4202-9247-781C886268B5}.Release|Any CPU.ActiveCfg = Release|Any CPU
		{43929895-D48F-4202-9247-781C886268B5}.Release|Any CPU.Build.0 = Release|Any CPU
		{43929895-D48F-4202-9247-781C886268B5}.Release|x64.ActiveCfg = Release|Any CPU
		{43929895-D48F-4202-9247-781C886268B5}.Release|x64.Build.0 = Release|Any CPU
		{43929895-D48F-4202-9247-781C886268B5}.Release|x86.ActiveCfg = Release|Any CPU
		{43929895-D48F-4202-9247-781C886268B5}.Release|x86.Build.0 = Release|Any CPU
		{9E96D4C7-2DE7-417F-A623-9B47A061EBB9}.Debug|Any CPU.ActiveCfg = Debug|Any CPU
		{9E96D4C7-2DE7-417F-A623-9B47A061EBB9}.Debug|Any CPU.Build.0 = Debug|Any CPU
		{9E96D4C7-2DE7-417F-A623-9B47A061EBB9}.Debug|x64.ActiveCfg = Debug|Any CPU
		{9E96D4C7-2DE7-417F-A623-9B47A061EBB9}.Debug|x64.Build.0 = Debug|Any CPU
		{9E96D4C7-2DE7-417F-A623-9B47A061EBB9}.Debug|x86.ActiveCfg = Debug|Any CPU
		{9E96D4C7-2DE7-417F-A623-9B47A061EBB9}.Debug|x86.Build.0 = Debug|Any CPU
		{9E96D4C7-2DE7-417F-A623-9B47A061EBB9}.Release|Any CPU.ActiveCfg = Release|Any CPU
		{9E96D4C7-2DE7-417F-A623-9B47A061EBB9}.Release|Any CPU.Build.0 = Release|Any CPU
		{9E96D4C7-2DE7-417F-A623-9B47A061EBB9}.Release|x64.ActiveCfg = Release|Any CPU
		{9E96D4C7-2DE7-417F-A623-9B47A061EBB9}.Release|x64.Build.0 = Release|Any CPU
		{9E96D4C7-2DE7-417F-A623-9B47A061EBB9}.Release|x86.ActiveCfg = Release|Any CPU
		{9E96D4C7-2DE7-417F-A623-9B47A061EBB9}.Release|x86.Build.0 = Release|Any CPU
		{72DFE19A-B923-49AB-B1B1-9B6E2351F5A0}.Debug|Any CPU.ActiveCfg = Debug|Any CPU
		{72DFE19A-B923-49AB-B1B1-9B6E2351F5A0}.Debug|Any CPU.Build.0 = Debug|Any CPU
		{72DFE19A-B923-49AB-B1B1-9B6E2351F5A0}.Debug|x64.ActiveCfg = Debug|Any CPU
		{72DFE19A-B923-49AB-B1B1-9B6E2351F5A0}.Debug|x64.Build.0 = Debug|Any CPU
		{72DFE19A-B923-49AB-B1B1-9B6E2351F5A0}.Debug|x86.ActiveCfg = Debug|Any CPU
		{72DFE19A-B923-49AB-B1B1-9B6E2351F5A0}.Debug|x86.Build.0 = Debug|Any CPU
		{72DFE19A-B923-49AB-B1B1-9B6E2351F5A0}.Release|Any CPU.ActiveCfg = Release|Any CPU
		{72DFE19A-B923-49AB-B1B1-9B6E2351F5A0}.Release|Any CPU.Build.0 = Release|Any CPU
		{72DFE19A-B923-49AB-B1B1-9B6E2351F5A0}.Release|x64.ActiveCfg = Release|Any CPU
		{72DFE19A-B923-49AB-B1B1-9B6E2351F5A0}.Release|x64.Build.0 = Release|Any CPU
		{72DFE19A-B923-49AB-B1B1-9B6E2351F5A0}.Release|x86.ActiveCfg = Release|Any CPU
		{72DFE19A-B923-49AB-B1B1-9B6E2351F5A0}.Release|x86.Build.0 = Release|Any CPU
		{8BB57B06-1852-42A6-8C53-C04ADF8B50A1}.Debug|Any CPU.ActiveCfg = Debug|x64
		{8BB57B06-1852-42A6-8C53-C04ADF8B50A1}.Debug|Any CPU.Build.0 = Debug|x64
		{8BB57B06-1852-42A6-8C53-C04ADF8B50A1}.Debug|x64.ActiveCfg = Debug|x64
		{8BB57B06-1852-42A6-8C53-C04ADF8B50A1}.Debug|x64.Build.0 = Debug|x64
		{8BB57B06-1852-42A6-8C53-C04ADF8B50A1}.Debug|x86.ActiveCfg = Debug|Win32
		{8BB57B06-1852-42A6-8C53-C04ADF8B50A1}.Debug|x86.Build.0 = Debug|Win32
		{8BB57B06-1852-42A6-8C53-C04ADF8B50A1}.Release|Any CPU.ActiveCfg = Release|x64
		{8BB57B06-1852-42A6-8C53-C04ADF8B50A1}.Release|Any CPU.Build.0 = Release|x64
		{8BB57B06-1852-42A6-8C53-C04ADF8B50A1}.Release|x64.ActiveCfg = Release|x64
		{8BB57B06-1852-42A6-8C53-C04ADF8B50A1}.Release|x64.Build.0 = Release|x64
		{8BB57B06-1852-42A6-8C53-C04ADF8B50A1}.Release|x86.ActiveCfg = Release|Win32
		{8BB57B06-1852-42A6-8C53-C04ADF8B50A1}.Release|x86.Build.0 = Release|Win32
		{6BF83419-C6CB-4A0E-BB87-20D433BDD3AE}.Debug|Any CPU.ActiveCfg = Debug|Any CPU
		{6BF83419-C6CB-4A0E-BB87-20D433BDD3AE}.Debug|Any CPU.Build.0 = Debug|Any CPU
		{6BF83419-C6CB-4A0E-BB87-20D433BDD3AE}.Debug|x64.ActiveCfg = Debug|Any CPU
		{6BF83419-C6CB-4A0E-BB87-20D433BDD3AE}.Debug|x64.Build.0 = Debug|Any CPU
		{6BF83419-C6CB-4A0E-BB87-20D433BDD3AE}.Debug|x86.ActiveCfg = Debug|Any CPU
		{6BF83419-C6CB-4A0E-BB87-20D433BDD3AE}.Debug|x86.Build.0 = Debug|Any CPU
		{6BF83419-C6CB-4A0E-BB87-20D433BDD3AE}.Release|Any CPU.ActiveCfg = Release|Any CPU
		{6BF83419-C6CB-4A0E-BB87-20D433BDD3AE}.Release|Any CPU.Build.0 = Release|Any CPU
		{6BF83419-C6CB-4A0E-BB87-20D433BDD3AE}.Release|x64.ActiveCfg = Release|Any CPU
		{6BF83419-C6CB-4A0E-BB87-20D433BDD3AE}.Release|x64.Build.0 = Release|Any CPU
		{6BF83419-C6CB-4A0E-BB87-20D433BDD3AE}.Release|x86.ActiveCfg = Release|Any CPU
		{6BF83419-C6CB-4A0E-BB87-20D433BDD3AE}.Release|x86.Build.0 = Release|Any CPU
		{A0B0B7F7-3986-45EA-A2D2-1885C8DA1AB5}.Debug|Any CPU.ActiveCfg = Debug|Any CPU
		{A0B0B7F7-3986-45EA-A2D2-1885C8DA1AB5}.Debug|Any CPU.Build.0 = Debug|Any CPU
		{A0B0B7F7-3986-45EA-A2D2-1885C8DA1AB5}.Debug|x64.ActiveCfg = Debug|Any CPU
		{A0B0B7F7-3986-45EA-A2D2-1885C8DA1AB5}.Debug|x64.Build.0 = Debug|Any CPU
		{A0B0B7F7-3986-45EA-A2D2-1885C8DA1AB5}.Debug|x86.ActiveCfg = Debug|Any CPU
		{A0B0B7F7-3986-45EA-A2D2-1885C8DA1AB5}.Debug|x86.Build.0 = Debug|Any CPU
		{A0B0B7F7-3986-45EA-A2D2-1885C8DA1AB5}.Release|Any CPU.ActiveCfg = Release|Any CPU
		{A0B0B7F7-3986-45EA-A2D2-1885C8DA1AB5}.Release|Any CPU.Build.0 = Release|Any CPU
		{A0B0B7F7-3986-45EA-A2D2-1885C8DA1AB5}.Release|x64.ActiveCfg = Release|Any CPU
		{A0B0B7F7-3986-45EA-A2D2-1885C8DA1AB5}.Release|x64.Build.0 = Release|Any CPU
		{A0B0B7F7-3986-45EA-A2D2-1885C8DA1AB5}.Release|x86.ActiveCfg = Release|Any CPU
		{A0B0B7F7-3986-45EA-A2D2-1885C8DA1AB5}.Release|x86.Build.0 = Release|Any CPU
		{D707F971-E1D1-4F64-885B-87E93B31036E}.Debug|Any CPU.ActiveCfg = Debug|Any CPU
		{D707F971-E1D1-4F64-885B-87E93B31036E}.Debug|Any CPU.Build.0 = Debug|Any CPU
		{D707F971-E1D1-4F64-885B-87E93B31036E}.Debug|x64.ActiveCfg = Debug|Any CPU
		{D707F971-E1D1-4F64-885B-87E93B31036E}.Debug|x64.Build.0 = Debug|Any CPU
		{D707F971-E1D1-4F64-885B-87E93B31036E}.Debug|x86.ActiveCfg = Debug|Any CPU
		{D707F971-E1D1-4F64-885B-87E93B31036E}.Debug|x86.Build.0 = Debug|Any CPU
		{D707F971-E1D1-4F64-885B-87E93B31036E}.Release|Any CPU.ActiveCfg = Release|Any CPU
		{D707F971-E1D1-4F64-885B-87E93B31036E}.Release|Any CPU.Build.0 = Release|Any CPU
		{D707F971-E1D1-4F64-885B-87E93B31036E}.Release|x64.ActiveCfg = Release|Any CPU
		{D707F971-E1D1-4F64-885B-87E93B31036E}.Release|x64.Build.0 = Release|Any CPU
		{D707F971-E1D1-4F64-885B-87E93B31036E}.Release|x86.ActiveCfg = Release|Any CPU
		{D707F971-E1D1-4F64-885B-87E93B31036E}.Release|x86.Build.0 = Release|Any CPU
		{58F7581C-9281-4804-82A8-C160F658BFBD}.Debug|Any CPU.ActiveCfg = Debug|Any CPU
		{58F7581C-9281-4804-82A8-C160F658BFBD}.Debug|Any CPU.Build.0 = Debug|Any CPU
		{58F7581C-9281-4804-82A8-C160F658BFBD}.Debug|x64.ActiveCfg = Debug|Any CPU
		{58F7581C-9281-4804-82A8-C160F658BFBD}.Debug|x64.Build.0 = Debug|Any CPU
		{58F7581C-9281-4804-82A8-C160F658BFBD}.Debug|x86.ActiveCfg = Debug|Any CPU
		{58F7581C-9281-4804-82A8-C160F658BFBD}.Debug|x86.Build.0 = Debug|Any CPU
		{58F7581C-9281-4804-82A8-C160F658BFBD}.Release|Any CPU.ActiveCfg = Release|Any CPU
		{58F7581C-9281-4804-82A8-C160F658BFBD}.Release|Any CPU.Build.0 = Release|Any CPU
		{58F7581C-9281-4804-82A8-C160F658BFBD}.Release|x64.ActiveCfg = Release|Any CPU
		{58F7581C-9281-4804-82A8-C160F658BFBD}.Release|x64.Build.0 = Release|Any CPU
		{58F7581C-9281-4804-82A8-C160F658BFBD}.Release|x86.ActiveCfg = Release|Any CPU
		{58F7581C-9281-4804-82A8-C160F658BFBD}.Release|x86.Build.0 = Release|Any CPU
		{82DE5BBB-189D-3264-7A5D-C4B08F70D062}.Debug|Any CPU.ActiveCfg = Debug|Any CPU
		{82DE5BBB-189D-3264-7A5D-C4B08F70D062}.Debug|Any CPU.Build.0 = Debug|Any CPU
		{82DE5BBB-189D-3264-7A5D-C4B08F70D062}.Debug|x64.ActiveCfg = Debug|Any CPU
		{82DE5BBB-189D-3264-7A5D-C4B08F70D062}.Debug|x64.Build.0 = Debug|Any CPU
		{82DE5BBB-189D-3264-7A5D-C4B08F70D062}.Debug|x86.ActiveCfg = Debug|Any CPU
		{82DE5BBB-189D-3264-7A5D-C4B08F70D062}.Debug|x86.Build.0 = Debug|Any CPU
		{82DE5BBB-189D-3264-7A5D-C4B08F70D062}.Release|Any CPU.ActiveCfg = Release|Any CPU
		{82DE5BBB-189D-3264-7A5D-C4B08F70D062}.Release|Any CPU.Build.0 = Release|Any CPU
		{82DE5BBB-189D-3264-7A5D-C4B08F70D062}.Release|x64.ActiveCfg = Release|Any CPU
		{82DE5BBB-189D-3264-7A5D-C4B08F70D062}.Release|x64.Build.0 = Release|Any CPU
		{82DE5BBB-189D-3264-7A5D-C4B08F70D062}.Release|x86.ActiveCfg = Release|Any CPU
		{82DE5BBB-189D-3264-7A5D-C4B08F70D062}.Release|x86.Build.0 = Release|Any CPU
		{28008C31-501A-8187-427A-683A2593ABAD}.Debug|Any CPU.ActiveCfg = Debug|Any CPU
		{28008C31-501A-8187-427A-683A2593ABAD}.Debug|Any CPU.Build.0 = Debug|Any CPU
		{28008C31-501A-8187-427A-683A2593ABAD}.Debug|x64.ActiveCfg = Debug|Any CPU
		{28008C31-501A-8187-427A-683A2593ABAD}.Debug|x64.Build.0 = Debug|Any CPU
		{28008C31-501A-8187-427A-683A2593ABAD}.Debug|x86.ActiveCfg = Debug|Any CPU
		{28008C31-501A-8187-427A-683A2593ABAD}.Debug|x86.Build.0 = Debug|Any CPU
		{28008C31-501A-8187-427A-683A2593ABAD}.Release|Any CPU.ActiveCfg = Release|Any CPU
		{28008C31-501A-8187-427A-683A2593ABAD}.Release|Any CPU.Build.0 = Release|Any CPU
		{28008C31-501A-8187-427A-683A2593ABAD}.Release|x64.ActiveCfg = Release|Any CPU
		{28008C31-501A-8187-427A-683A2593ABAD}.Release|x64.Build.0 = Release|Any CPU
		{28008C31-501A-8187-427A-683A2593ABAD}.Release|x86.ActiveCfg = Release|Any CPU
		{28008C31-501A-8187-427A-683A2593ABAD}.Release|x86.Build.0 = Release|Any CPU
		{98074009-515B-4C6D-93CE-E6A989C510E6}.Debug|Any CPU.ActiveCfg = Debug|Any CPU
		{98074009-515B-4C6D-93CE-E6A989C510E6}.Debug|Any CPU.Build.0 = Debug|Any CPU
		{98074009-515B-4C6D-93CE-E6A989C510E6}.Debug|x64.ActiveCfg = Debug|Any CPU
		{98074009-515B-4C6D-93CE-E6A989C510E6}.Debug|x64.Build.0 = Debug|Any CPU
		{98074009-515B-4C6D-93CE-E6A989C510E6}.Debug|x86.ActiveCfg = Debug|Any CPU
		{98074009-515B-4C6D-93CE-E6A989C510E6}.Debug|x86.Build.0 = Debug|Any CPU
		{98074009-515B-4C6D-93CE-E6A989C510E6}.Release|Any CPU.ActiveCfg = Release|Any CPU
		{98074009-515B-4C6D-93CE-E6A989C510E6}.Release|Any CPU.Build.0 = Release|Any CPU
		{98074009-515B-4C6D-93CE-E6A989C510E6}.Release|x64.ActiveCfg = Release|Any CPU
		{98074009-515B-4C6D-93CE-E6A989C510E6}.Release|x64.Build.0 = Release|Any CPU
		{98074009-515B-4C6D-93CE-E6A989C510E6}.Release|x86.ActiveCfg = Release|Any CPU
		{98074009-515B-4C6D-93CE-E6A989C510E6}.Release|x86.Build.0 = Release|Any CPU
		{32EC2530-7621-4D9D-9DC4-06653CFC8A4A}.Debug|Any CPU.ActiveCfg = Debug|Any CPU
		{32EC2530-7621-4D9D-9DC4-06653CFC8A4A}.Debug|Any CPU.Build.0 = Debug|Any CPU
		{32EC2530-7621-4D9D-9DC4-06653CFC8A4A}.Debug|x64.ActiveCfg = Debug|Any CPU
		{32EC2530-7621-4D9D-9DC4-06653CFC8A4A}.Debug|x64.Build.0 = Debug|Any CPU
		{32EC2530-7621-4D9D-9DC4-06653CFC8A4A}.Debug|x86.ActiveCfg = Debug|Any CPU
		{32EC2530-7621-4D9D-9DC4-06653CFC8A4A}.Debug|x86.Build.0 = Debug|Any CPU
		{32EC2530-7621-4D9D-9DC4-06653CFC8A4A}.Release|Any CPU.ActiveCfg = Release|Any CPU
		{32EC2530-7621-4D9D-9DC4-06653CFC8A4A}.Release|Any CPU.Build.0 = Release|Any CPU
		{32EC2530-7621-4D9D-9DC4-06653CFC8A4A}.Release|x64.ActiveCfg = Release|Any CPU
		{32EC2530-7621-4D9D-9DC4-06653CFC8A4A}.Release|x64.Build.0 = Release|Any CPU
		{32EC2530-7621-4D9D-9DC4-06653CFC8A4A}.Release|x86.ActiveCfg = Release|Any CPU
		{32EC2530-7621-4D9D-9DC4-06653CFC8A4A}.Release|x86.Build.0 = Release|Any CPU
		{86DB8923-425D-405C-9A25-AF3081AAA048}.Debug|Any CPU.ActiveCfg = Debug|Any CPU
		{86DB8923-425D-405C-9A25-AF3081AAA048}.Debug|Any CPU.Build.0 = Debug|Any CPU
		{86DB8923-425D-405C-9A25-AF3081AAA048}.Debug|x64.ActiveCfg = Debug|Any CPU
		{86DB8923-425D-405C-9A25-AF3081AAA048}.Debug|x64.Build.0 = Debug|Any CPU
		{86DB8923-425D-405C-9A25-AF3081AAA048}.Debug|x86.ActiveCfg = Debug|Any CPU
		{86DB8923-425D-405C-9A25-AF3081AAA048}.Debug|x86.Build.0 = Debug|Any CPU
		{86DB8923-425D-405C-9A25-AF3081AAA048}.Release|Any CPU.ActiveCfg = Release|Any CPU
		{86DB8923-425D-405C-9A25-AF3081AAA048}.Release|Any CPU.Build.0 = Release|Any CPU
		{86DB8923-425D-405C-9A25-AF3081AAA048}.Release|x64.ActiveCfg = Release|Any CPU
		{86DB8923-425D-405C-9A25-AF3081AAA048}.Release|x64.Build.0 = Release|Any CPU
		{86DB8923-425D-405C-9A25-AF3081AAA048}.Release|x86.ActiveCfg = Release|Any CPU
		{86DB8923-425D-405C-9A25-AF3081AAA048}.Release|x86.Build.0 = Release|Any CPU
		{AA45DE12-D819-4855-A039-6D5DB146D425}.Debug|Any CPU.ActiveCfg = Debug|Any CPU
		{AA45DE12-D819-4855-A039-6D5DB146D425}.Debug|Any CPU.Build.0 = Debug|Any CPU
		{AA45DE12-D819-4855-A039-6D5DB146D425}.Debug|x64.ActiveCfg = Debug|Any CPU
		{AA45DE12-D819-4855-A039-6D5DB146D425}.Debug|x64.Build.0 = Debug|Any CPU
		{AA45DE12-D819-4855-A039-6D5DB146D425}.Debug|x86.ActiveCfg = Debug|Any CPU
		{AA45DE12-D819-4855-A039-6D5DB146D425}.Debug|x86.Build.0 = Debug|Any CPU
		{AA45DE12-D819-4855-A039-6D5DB146D425}.Release|Any CPU.ActiveCfg = Release|Any CPU
		{AA45DE12-D819-4855-A039-6D5DB146D425}.Release|Any CPU.Build.0 = Release|Any CPU
		{AA45DE12-D819-4855-A039-6D5DB146D425}.Release|x64.ActiveCfg = Release|Any CPU
		{AA45DE12-D819-4855-A039-6D5DB146D425}.Release|x64.Build.0 = Release|Any CPU
		{AA45DE12-D819-4855-A039-6D5DB146D425}.Release|x86.ActiveCfg = Release|Any CPU
		{AA45DE12-D819-4855-A039-6D5DB146D425}.Release|x86.Build.0 = Release|Any CPU
	EndGlobalSection
	GlobalSection(SolutionProperties) = preSolution
		HideSolutionNode = FALSE
	EndGlobalSection
	GlobalSection(NestedProjects) = preSolution
		{C42A0E56-F643-4D59-AB26-F580FAC60E01} = {6A615AE3-1D3E-4AF2-9DF6-D13F211F937E}
		{4E2E1B0F-900C-4DAC-877E-17541E35D5E1} = {0A3105A2-DDE4-4E30-9900-E72D06CAA6E9}
		{CE1D66BE-E731-4A6B-9050-120F537C3706} = {4E2E1B0F-900C-4DAC-877E-17541E35D5E1}
		{3C44C7AD-1535-45E0-8CDB-4FD6AE68C026} = {4E2E1B0F-900C-4DAC-877E-17541E35D5E1}
		{96E607F9-EB08-45E2-97FE-4120F194DF0B} = {4E2E1B0F-900C-4DAC-877E-17541E35D5E1}
		{A63FA839-937C-4D35-A591-96424B25C889} = {0A3105A2-DDE4-4E30-9900-E72D06CAA6E9}
		{82115156-671C-4FDC-831B-2297AB1FAB79} = {6A615AE3-1D3E-4AF2-9DF6-D13F211F937E}
		{D9940E28-9B2E-4570-97C1-F2CE886CC378} = {0A3105A2-DDE4-4E30-9900-E72D06CAA6E9}
		{43929895-D48F-4202-9247-781C886268B5} = {F35067C5-7ED8-49D8-9C0A-CD7EA8D7EC5F}
		{9E96D4C7-2DE7-417F-A623-9B47A061EBB9} = {6A615AE3-1D3E-4AF2-9DF6-D13F211F937E}
		{72DFE19A-B923-49AB-B1B1-9B6E2351F5A0} = {8D6060ED-D188-449A-B819-50485E92D475}
		{8BB57B06-1852-42A6-8C53-C04ADF8B50A1} = {8D6060ED-D188-449A-B819-50485E92D475}
		{6BF83419-C6CB-4A0E-BB87-20D433BDD3AE} = {8D6060ED-D188-449A-B819-50485E92D475}
		{A0B0B7F7-3986-45EA-A2D2-1885C8DA1AB5} = {8D6060ED-D188-449A-B819-50485E92D475}
		{D707F971-E1D1-4F64-885B-87E93B31036E} = {8D6060ED-D188-449A-B819-50485E92D475}
		{58F7581C-9281-4804-82A8-C160F658BFBD} = {8D6060ED-D188-449A-B819-50485E92D475}
		{6A615AE3-1D3E-4AF2-9DF6-D13F211F937E} = {0A3105A2-DDE4-4E30-9900-E72D06CAA6E9}
		{82DE5BBB-189D-3264-7A5D-C4B08F70D062} = {6A615AE3-1D3E-4AF2-9DF6-D13F211F937E}
		{F35067C5-7ED8-49D8-9C0A-CD7EA8D7EC5F} = {C42A0E56-F643-4D59-AB26-F580FAC60E01}
		{280B0206-A733-3BFB-3537-005445BE4D66} = {B36A84DF-456D-A817-6EDD-3EC3E7F6E11F}
		{28008C31-501A-8187-427A-683A2593ABAD} = {280B0206-A733-3BFB-3537-005445BE4D66}
		{FAAE0A77-D297-48D2-A0F5-C847D34E0D54} = {0A3105A2-DDE4-4E30-9900-E72D06CAA6E9}
		{98074009-515B-4C6D-93CE-E6A989C510E6} = {FAAE0A77-D297-48D2-A0F5-C847D34E0D54}
		{32EC2530-7621-4D9D-9DC4-06653CFC8A4A} = {FAAE0A77-D297-48D2-A0F5-C847D34E0D54}
		{86DB8923-425D-405C-9A25-AF3081AAA048} = {FAAE0A77-D297-48D2-A0F5-C847D34E0D54}
		{AA45DE12-D819-4855-A039-6D5DB146D425} = {FAAE0A77-D297-48D2-A0F5-C847D34E0D54}
	EndGlobalSection
	GlobalSection(ExtensibilityGlobals) = postSolution
		SolutionGuid = {A5F79743-261D-4458-8FD2-DBEBF177C6CC}
	EndGlobalSection
EndGlobal
